// !$*UTF8*$!
{
	archiveVersion = 1;
	classes = {
	};
	objectVersion = 77;
	objects = {

/* Begin PBXBuildFile section */
		ABCDEF0000000000000000D2 /* Purchasely in Frameworks */ = {isa = PBXBuildFile; productRef = ABCDEF0000000000000000D1 /* Purchasely */; };
/* End PBXBuildFile section */

/* Begin PBXContainerItemProxy section */
		F7B2EAE82FE153A900992A22 /* PBXContainerItemProxy */ = {
			isa = PBXContainerItemProxy;
			containerPortal = F7B2EAD02FE153A700992A22 /* Project object */;
			proxyType = 1;
			remoteGlobalIDString = F7B2EAD72FE153A700992A22;
			remoteInfo = Spacer;
		};
		F7B2EAF22FE153A900992A22 /* PBXContainerItemProxy */ = {
			isa = PBXContainerItemProxy;
			containerPortal = F7B2EAD02FE153A700992A22 /* Project object */;
			proxyType = 1;
			remoteGlobalIDString = F7B2EAD72FE153A700992A22;
			remoteInfo = Spacer;
		};
/* End PBXContainerItemProxy section */

/* Begin PBXFileReference section */
		ABCDEF0000000000000000C1 /* Secrets.xcconfig */ = {isa = PBXFileReference; lastKnownFileType = text.xcconfig; name = Secrets.xcconfig; path = Config/Secrets.xcconfig; sourceTree = SOURCE_ROOT; };
		ABCDEF0000000000000000C2 /* Secrets.example.xcconfig */ = {isa = PBXFileReference; lastKnownFileType = text.xcconfig; name = Secrets.example.xcconfig; path = Config/Secrets.example.xcconfig; sourceTree = SOURCE_ROOT; };
		ABCDEF0000000000000000C3 /* Info.plist */ = {isa = PBXFileReference; lastKnownFileType = text.plist.xml; name = Info.plist; path = Config/Info.plist; sourceTree = SOURCE_ROOT; };
		F7B2EAD82FE153A700992A22 /* Spacer.app */ = {isa = PBXFileReference; explicitFileType = wrapper.application; includeInIndex = 0; path = Spacer.app; sourceTree = BUILT_PRODUCTS_DIR; };
		F7B2EAE72FE153A900992A22 /* SpacerTests.xctest */ = {isa = PBXFileReference; explicitFileType = wrapper.cfbundle; includeInIndex = 0; path = SpacerTests.xctest; sourceTree = BUILT_PRODUCTS_DIR; };
		F7B2EAF12FE153A900992A22 /* SpacerUITests.xctest */ = {isa = PBXFileReference; explicitFileType = wrapper.cfbundle; includeInIndex = 0; path = SpacerUITests.xctest; sourceTree = BUILT_PRODUCTS_DIR; };
/* End PBXFileReference section */

/* Begin PBXFileSystemSynchronizedRootGroup section */
		F7B2EADA2FE153A700992A22 /* Spacer */ = {
			isa = PBXFileSystemSynchronizedRootGroup;
			path = Spacer;
			sourceTree = "<group>";
		};
		F7B2EAEA2FE153A900992A22 /* SpacerTests */ = {
			isa = PBXFileSystemSynchronizedRootGroup;
			path = SpacerTests;
			sourceTree = "<group>";
		};
		F7B2EAF42FE153A900992A22 /* SpacerUITests */ = {
			isa = PBXFileSystemSynchronizedRootGroup;
			path = SpacerUITests;
			sourceTree = "<group>";
		};
/* End PBXFileSystemSynchronizedRootGroup section */

/* Begin PBXFrameworksBuildPhase section */
		F7B2EAD52FE153A700992A22 /* Frameworks */ = {
			isa = PBXFrameworksBuildPhase;
			buildActionMask = 2147483647;
			files = (
				ABCDEF0000000000000000D2 /* Purchasely in Frameworks */,
			);
			runOnlyForDeploymentPostprocessing = 0;
		};
		F7B2EAE42FE153A900992A22 /* Frameworks */ = {
			isa = PBXFrameworksBuildPhase;
			buildActionMask = 2147483647;
			files = (
			);
			runOnlyForDeploymentPostprocessing = 0;
		};
		F7B2EAEE2FE153A900992A22 /* Frameworks */ = {
			isa = PBXFrameworksBuildPhase;
			buildActionMask = 2147483647;
			files = (
			);
			runOnlyForDeploymentPostprocessing = 0;
		};
/* End PBXFrameworksBuildPhase section */

/* Begin PBXGroup section */
		ABCDEF0000000000000000C0 /* Config */ = {
			isa = PBXGroup;
			children = (
				ABCDEF0000000000000000C3 /* Info.plist */,
				ABCDEF0000000000000000C1 /* Secrets.xcconfig */,
				ABCDEF0000000000000000C2 /* Secrets.example.xcconfig */,
			);
			name = Config;
			sourceTree = "<group>";
		};
		F7B2EACF2FE153A700992A22 = {
			isa = PBXGroup;
			children = (
				ABCDEF0000000000000000C0 /* Config */,
				F7B2EADA2FE153A700992A22 /* Spacer */,
				F7B2EAEA2FE153A900992A22 /* SpacerTests */,
				F7B2EAF42FE153A900992A22 /* SpacerUITests */,
				F7B2EAD92FE153A700992A22 /* Products */,
			);
			sourceTree = "<group>";
		};
		F7B2EAD92FE153A700992A22 /* Products */ = {
			isa = PBXGroup;
			children = (
				F7B2EAD82FE153A700992A22 /* Spacer.app */,
				F7B2EAE72FE153A900992A22 /* SpacerTests.xctest */,
				F7B2EAF12FE153A900992A22 /* SpacerUITests.xctest */,
			);
			name = Products;
			sourceTree = "<group>";
		};
/* End PBXGroup section */

/* Begin PBXNativeTarget section */
		F7B2EAD72FE153A700992A22 /* Spacer */ = {
			isa = PBXNativeTarget;
			buildConfigurationList = F7B2EAFB2FE153A900992A22 /* Build configuration list for PBXNativeTarget "Spacer" */;
			buildPhases = (
				F7B2EAD42FE153A700992A22 /* Sources */,
				F7B2EAD52FE153A700992A22 /* Frameworks */,
				F7B2EAD62FE153A700992A22 /* Resources */,
			);
			buildRules = (
			);
			dependencies = (
			);
			fileSystemSynchronizedGroups = (
				F7B2EADA2FE153A700992A22 /* Spacer */,
			);
			name = Spacer;
			packageProductDependencies = (
				ABCDEF0000000000000000D1 /* Purchasely */,
			);
			productName = Spacer;
			productReference = F7B2EAD82FE153A700992A22 /* Spacer.app */;
			productType = "com.apple.product-type.application";
		};
		F7B2EAE62FE153A900992A22 /* SpacerTests */ = {
			isa = PBXNativeTarget;
			buildConfigurationList = F7B2EAFE2FE153A900992A22 /* Build configuration list for PBXNativeTarget "SpacerTests" */;
			buildPhases = (
				F7B2EAE32FE153A900992A22 /* Sources */,
				F7B2EAE42FE153A900992A22 /* Frameworks */,
				F7B2EAE52FE153A900992A22 /* Resources */,
			);
			buildRules = (
			);
			dependencies = (
				F7B2EAE92FE153A900992A22 /* PBXTargetDependency */,
			);
			fileSystemSynchronizedGroups = (
				F7B2EAEA2FE153A900992A22 /* SpacerTests */,
			);
			name = SpacerTests;
			packageProductDependencies = (
			);
			productName = SpacerTests;
			productReference = F7B2EAE72FE153A900992A22 /* SpacerTests.xctest */;
			productType = "com.apple.product-type.bundle.unit-test";
		};
		F7B2EAF02FE153A900992A22 /* SpacerUITests */ = {
			isa = PBXNativeTarget;
			buildConfigurationList = F7B2EB012FE153A900992A22 /* Build configuration list for PBXNativeTarget "SpacerUITests" */;
			buildPhases = (
				F7B2EAED2FE153A900992A22 /* Sources */,
				F7B2EAEE2FE153A900992A22 /* Frameworks */,
				F7B2EAEF2FE153A900992A22 /* Resources */,
			);
			buildRules = (
			);
			dependencies = (
				F7B2EAF32FE153A900992A22 /* PBXTargetDependency */,
			);
			fileSystemSynchronizedGroups = (
				F7B2EAF42FE153A900992A22 /* SpacerUITests */,
			);
			name = SpacerUITests;
			packageProductDependencies = (
			);
			productName = SpacerUITests;
			productReference = F7B2EAF12FE153A900992A22 /* SpacerUITests.xctest */;
			productType = "com.apple.product-type.bundle.ui-testing";
		};
/* End PBXNativeTarget section */

/* Begin PBXProject section */
		F7B2EAD02FE153A700992A22 /* Project object */ = {
			isa = PBXProject;
			attributes = {
				BuildIndependentTargetsInParallel = 1;
				LastSwiftUpdateCheck = 2650;
				LastUpgradeCheck = 2650;
				TargetAttributes = {
					F7B2EAD72FE153A700992A22 = {
						CreatedOnToolsVersion = 26.5;
					};
					F7B2EAE62FE153A900992A22 = {
						CreatedOnToolsVersion = 26.5;
						TestTargetID = F7B2EAD72FE153A700992A22;
					};
					F7B2EAF02FE153A900992A22 = {
						CreatedOnToolsVersion = 26.5;
						TestTargetID = F7B2EAD72FE153A700992A22;
					};
				};
			};
			buildConfigurationList = F7B2EAD32FE153A700992A22 /* Build configuration list for PBXProject "Spacer" */;
			developmentRegion = en;
			hasScannedForEncodings = 0;
			knownRegions = (
				en,
				Base,
			);
			mainGroup = F7B2EACF2FE153A700992A22;
			minimizedProjectReferenceProxies = 1;
			packageReferences = (
				ABCDEF0000000000000000D0 /* XCRemoteSwiftPackageReference "Purchasely-iOS" */,
			);
			preferredProjectObjectVersion = 77;
			productRefGroup = F7B2EAD92FE153A700992A22 /* Products */;
			projectDirPath = "";
			projectRoot = "";
			targets = (
				F7B2EAD72FE153A700992A22 /* Spacer */,
				F7B2EAE62FE153A900992A22 /* SpacerTests */,
				F7B2EAF02FE153A900992A22 /* SpacerUITests */,
			);
		};
/* End PBXProject section */

/* Begin PBXResourcesBuildPhase section */
		F7B2EAD62FE153A700992A22 /* Resources */ = {
			isa = PBXResourcesBuildPhase;
			buildActionMask = 2147483647;
			files = (
			);
			runOnlyForDeploymentPostprocessing = 0;
		};
		F7B2EAE52FE153A900992A22 /* Resources */ = {
			isa = PBXResourcesBuildPhase;
			buildActionMask = 2147483647;
			files = (
			);
			runOnlyForDeploymentPostprocessing = 0;
		};
		F7B2EAEF2FE153A900992A22 /* Resources */ = {
			isa = PBXResourcesBuildPhase;
			buildActionMask = 2147483647;
			files = (
			);
			runOnlyForDeploymentPostprocessing = 0;
		};
/* End PBXResourcesBuildPhase section */

/* Begin PBXSourcesBuildPhase section */
		F7B2EAD42FE153A700992A22 /* Sources */ = {
			isa = PBXSourcesBuildPhase;
			buildActionMask = 2147483647;
			files = (
			);
			runOnlyForDeploymentPostprocessing = 0;
		};
		F7B2EAE32FE153A900992A22 /* Sources */ = {
			isa = PBXSourcesBuildPhase;
			buildActionMask = 2147483647;
			files = (
			);
			runOnlyForDeploymentPostprocessing = 0;
		};
		F7B2EAED2FE153A900992A22 /* Sources */ = {
			isa = PBXSourcesBuildPhase;
			buildActionMask = 2147483647;
			files = (
			);
			runOnlyForDeploymentPostprocessing = 0;
		};
/* End PBXSourcesBuildPhase section */

/* Begin PBXTargetDependency section */
		F7B2EAE92FE153A900992A22 /* PBXTargetDependency */ = {
			isa = PBXTargetDependency;
			target = F7B2EAD72FE153A700992A22 /* Spacer */;
			targetProxy = F7B2EAE82FE153A900992A22 /* PBXContainerItemProxy */;
		};
		F7B2EAF32FE153A900992A22 /* PBXTargetDependency */ = {
			isa = PBXTargetDependency;
			target = F7B2EAD72FE153A700992A22 /* Spacer */;
			targetProxy = F7B2EAF22FE153A900992A22 /* PBXContainerItemProxy */;
		};
/* End PBXTargetDependency section */

/* Begin XCBuildConfiguration section */
		F7B2EAF92FE153A900992A22 /* Debug */ = {
			isa = XCBuildConfiguration;
			buildSettings = {
				ALWAYS_SEARCH_USER_PATHS = NO;
				ASSETCATALOG_COMPILER_GENERATE_SWIFT_ASSET_SYMBOL_EXTENSIONS = YES;
				CLANG_ANALYZER_NONNULL = YES;
				CLANG_ANALYZER_NUMBER_OBJECT_CONVERSION = YES_AGGRESSIVE;
				CLANG_CXX_LANGUAGE_STANDARD = "gnu++20";
				CLANG_ENABLE_MODULES = YES;
				CLANG_ENABLE_OBJC_ARC = YES;
				CLANG_ENABLE_OBJC_WEAK = YES;
				CLANG_WARN_BLOCK_CAPTURE_AUTORELEASING = YES;
				CLANG_WARN_BOOL_CONVERSION = YES;
				CLANG_WARN_COMMA = YES;
				CLANG_WARN_CONSTANT_CONVERSION = YES;
				CLANG_WARN_DEPRECATED_OBJC_IMPLEMENTATIONS = YES;
				CLANG_WARN_DIRECT_OBJC_ISA_USAGE = YES_ERROR;
				CLANG_WARN_DOCUMENTATION_COMMENTS = YES;
				CLANG_WARN_EMPTY_BODY = YES;
				CLANG_WARN_ENUM_CONVERSION = YES;
				CLANG_WARN_INFINITE_RECURSION = YES;
				CLANG_WARN_INT_CONVERSION = YES;
				CLANG_WARN_NON_LITERAL_NULL_CONVERSION = YES;
				CLANG_WARN_OBJC_IMPLICIT_RETAIN_SELF = YES;
				CLANG_WARN_OBJC_LITERAL_CONVERSION = YES;
				CLANG_WARN_OBJC_ROOT_CLASS = YES_ERROR;
				CLANG_WARN_QUOTED_INCLUDE_IN_FRAMEWORK_HEADER = YES;
				CLANG_WARN_RANGE_LOOP_ANALYSIS = YES;
				CLANG_WARN_STRICT_PROTOTYPES = YES;
				CLANG_WARN_SUSPICIOUS_MOVE = YES;
				CLANG_WARN_UNGUARDED_AVAILABILITY = YES_AGGRESSIVE;
				CLANG_WARN_UNREACHABLE_CODE = YES;
				CLANG_WARN__DUPLICATE_METHOD_MATCH = YES;
				COPY_PHASE_STRIP = NO;
				DEBUG_INFORMATION_FORMAT = dwarf;
				DEVELOPMENT_TEAM = BTL28J8CZ3;
				ENABLE_STRICT_OBJC_MSGSEND = YES;
				ENABLE_TESTABILITY = YES;
				ENABLE_USER_SCRIPT_SANDBOXING = YES;
				GCC_C_LANGUAGE_STANDARD = gnu17;
				GCC_DYNAMIC_NO_PIC = NO;
				GCC_NO_COMMON_BLOCKS = YES;
				GCC_OPTIMIZATION_LEVEL = 0;
				GCC_PREPROCESSOR_DEFINITIONS = (
					"DEBUG=1",
					"$(inherited)",
				);
				GCC_WARN_64_TO_32_BIT_CONVERSION = YES;
				GCC_WARN_ABOUT_RETURN_TYPE = YES_ERROR;
				GCC_WARN_UNDECLARED_SELECTOR = YES;
				GCC_WARN_UNINITIALIZED_AUTOS = YES_AGGRESSIVE;
				GCC_WARN_UNUSED_FUNCTION = YES;
				GCC_WARN_UNUSED_VARIABLE = YES;
				IPHONEOS_DEPLOYMENT_TARGET = 26.5;
				LOCALIZATION_PREFERS_STRING_CATALOGS = YES;
				MTL_ENABLE_DEBUG_INFO = INCLUDE_SOURCE;
				MTL_FAST_MATH = YES;
				ONLY_ACTIVE_ARCH = YES;
				SDKROOT = iphoneos;
				SWIFT_ACTIVE_COMPILATION_CONDITIONS = "DEBUG $(inherited)";
				SWIFT_OPTIMIZATION_LEVEL = "-Onone";
			};
			name = Debug;
		};
		F7B2EAFA2FE153A900992A22 /* Release */ = {
			isa = XCBuildConfiguration;
			buildSettings = {
				ALWAYS_SEARCH_USER_PATHS = NO;
				ASSETCATALOG_COMPILER_GENERATE_SWIFT_ASSET_SYMBOL_EXTENSIONS = YES;
				CLANG_ANALYZER_NONNULL = YES;
				CLANG_ANALYZER_NUMBER_OBJECT_CONVERSION = YES_AGGRESSIVE;
				CLANG_CXX_LANGUAGE_STANDARD = "gnu++20";
				CLANG_ENABLE_MODULES = YES;
				CLANG_ENABLE_OBJC_ARC = YES;
				CLANG_ENABLE_OBJC_WEAK = YES;
				CLANG_WARN_BLOCK_CAPTURE_AUTORELEASING = YES;
				CLANG_WARN_BOOL_CONVERSION = YES;
				CLANG_WARN_COMMA = YES;
				CLANG_WARN_CONSTANT_CONVERSION = YES;
				CLANG_WARN_DEPRECATED_OBJC_IMPLEMENTATIONS = YES;
				CLANG_WARN_DIRECT_OBJC_ISA_USAGE = YES_ERROR;
				CLANG_WARN_DOCUMENTATION_COMMENTS = YES;
				CLANG_WARN_EMPTY_BODY = YES;
				CLANG_WARN_ENUM_CONVERSION = YES;
				CLANG_WARN_INFINITE_RECURSION = YES;
				CLANG_WARN_INT_CONVERSION = YES;
				CLANG_WARN_NON_LITERAL_NULL_CONVERSION = YES;
				CLANG_WARN_OBJC_IMPLICIT_RETAIN_SELF = YES;
				CLANG_WARN_OBJC_LITERAL_CONVERSION = YES;
				CLANG_WARN_OBJC_ROOT_CLASS = YES_ERROR;
				CLANG_WARN_QUOTED_INCLUDE_IN_FRAMEWORK_HEADER = YES;
				CLANG_WARN_RANGE_LOOP_ANALYSIS = YES;
				CLANG_WARN_STRICT_PROTOTYPES = YES;
				CLANG_WARN_SUSPICIOUS_MOVE = YES;
				CLANG_WARN_UNGUARDED_AVAILABILITY = YES_AGGRESSIVE;
				CLANG_WARN_UNREACHABLE_CODE = YES;
				CLANG_WARN__DUPLICATE_METHOD_MATCH = YES;
				COPY_PHASE_STRIP = NO;
				DEBUG_INFORMATION_FORMAT = "dwarf-with-dsym";
				DEVELOPMENT_TEAM = BTL28J8CZ3;
				ENABLE_NS_ASSERTIONS = NO;
				ENABLE_STRICT_OBJC_MSGSEND = YES;
				ENABLE_USER_SCRIPT_SANDBOXING = YES;
				GCC_C_LANGUAGE_STANDARD = gnu17;
				GCC_NO_COMMON_BLOCKS = YES;
				GCC_WARN_64_TO_32_BIT_CONVERSION = YES;
				GCC_WARN_ABOUT_RETURN_TYPE = YES_ERROR;
				GCC_WARN_UNDECLARED_SELECTOR = YES;
				GCC_WARN_UNINITIALIZED_AUTOS = YES_AGGRESSIVE;
				GCC_WARN_UNUSED_FUNCTION = YES;
				GCC_WARN_UNUSED_VARIABLE = YES;
				IPHONEOS_DEPLOYMENT_TARGET = 26.5;
				LOCALIZATION_PREFERS_STRING_CATALOGS = YES;
				MTL_ENABLE_DEBUG_INFO = NO;
				MTL_FAST_MATH = YES;
				SDKROOT = iphoneos;
				SWIFT_COMPILATION_MODE = wholemodule;
				VALIDATE_PRODUCT = YES;
			};
			name = Release;
		};
		F7B2EAFC2FE153A900992A22 /* Debug */ = {
			isa = XCBuildConfiguration;
			baseConfigurationReference = ABCDEF0000000000000000C1 /* Secrets.xcconfig */;
			buildSettings = {
				ASSETCATALOG_COMPILER_APPICON_NAME = AppIcon;
				ASSETCATALOG_COMPILER_GLOBAL_ACCENT_COLOR_NAME = AccentColor;
				CODE_SIGN_IDENTITY = "Apple Development";
				CODE_SIGN_STYLE = Automatic;
				CURRENT_PROJECT_VERSION = 1;
				DEVELOPMENT_TEAM = XL327LBYNK;
				ENABLE_PREVIEWS = YES;
				GENERATE_INFOPLIST_FILE = YES;
				INFOPLIST_FILE = Config/Info.plist;
				INFOPLIST_KEY_LSApplicationCategoryType = "public.app-category.education";
				INFOPLIST_KEY_NSPhotoLibraryAddUsageDescription = "Spacer saves high-resolution NASA imagery to your photo library.";
				INFOPLIST_KEY_UIApplicationSceneManifest_Generation = YES;
				INFOPLIST_KEY_UIApplicationSupportsIndirectInputEvents = YES;
				INFOPLIST_KEY_UILaunchScreen_Generation = YES;
				INFOPLIST_KEY_UISupportedInterfaceOrientations_iPhone = UIInterfaceOrientationPortrait;
				INFOPLIST_KEY_UIUserInterfaceStyle = Dark;
				IPHONEOS_DEPLOYMENT_TARGET = 17.0;
				LD_RUNPATH_SEARCH_PATHS = (
					"$(inherited)",
					"@executable_path/Frameworks",
				);
				MARKETING_VERSION = 1.0;
				PRODUCT_BUNDLE_IDENTIFIER = com.purchasely.spacer;
				PRODUCT_NAME = "$(TARGET_NAME)";
				PROVISIONING_PROFILE_SPECIFIER = "";
				STRING_CATALOG_GENERATE_SYMBOLS = YES;
				SWIFT_APPROACHABLE_CONCURRENCY = YES;
				SWIFT_DEFAULT_ACTOR_ISOLATION = MainActor;
				SWIFT_EMIT_LOC_STRINGS = YES;
				SWIFT_UPCOMING_FEATURE_MEMBER_IMPORT_VISIBILITY = YES;
				SWIFT_VERSION = 6.0;
				TARGETED_DEVICE_FAMILY = 1;
			};
			name = Debug;
		};
		F7B2EAFD2FE153A900992A22 /* Release */ = {
			isa = XCBuildConfiguration;
			baseConfigurationReference = ABCDEF0000000000000000C1 /* Secrets.xcconfig */;
			buildSettings = {
				ASSETCATALOG_COMPILER_APPICON_NAME = AppIcon;
				ASSETCATALOG_COMPILER_GLOBAL_ACCENT_COLOR_NAME = AccentColor;
				CODE_SIGN_IDENTITY = "Apple Development";
				CODE_SIGN_STYLE = Automatic;
				CURRENT_PROJECT_VERSION = 1;
				DEVELOPMENT_TEAM = XL327LBYNK;
				ENABLE_PREVIEWS = YES;
				GENERATE_INFOPLIST_FILE = YES;
				INFOPLIST_FILE = Config/Info.plist;
				INFOPLIST_KEY_LSApplicationCategoryType = "public.app-category.education";
				INFOPLIST_KEY_NSPhotoLibraryAddUsageDescription = "Spacer saves high-resolution NASA imagery to your photo library.";
				INFOPLIST_KEY_UIApplicationSceneManifest_Generation = YES;
				INFOPLIST_KEY_UIApplicationSupportsIndirectInputEvents = YES;
				INFOPLIST_KEY_UILaunchScreen_Generation = YES;
				INFOPLIST_KEY_UISupportedInterfaceOrientations_iPhone = UIInterfaceOrientationPortrait;
				INFOPLIST_KEY_UIUserInterfaceStyle = Dark;
				IPHONEOS_DEPLOYMENT_TARGET = 17.0;
				LD_RUNPATH_SEARCH_PATHS = (
					"$(inherited)",
					"@executable_path/Frameworks",
				);
				MARKETING_VERSION = 1.0;
				PRODUCT_BUNDLE_IDENTIFIER = com.purchasely.spacer;
				PRODUCT_NAME = "$(TARGET_NAME)";
				PROVISIONING_PROFILE_SPECIFIER = "";
				STRING_CATALOG_GENERATE_SYMBOLS = YES;
				SWIFT_APPROACHABLE_CONCURRENCY = YES;
				SWIFT_DEFAULT_ACTOR_ISOLATION = MainActor;
				SWIFT_EMIT_LOC_STRINGS = YES;
				SWIFT_UPCOMING_FEATURE_MEMBER_IMPORT_VISIBILITY = YES;
				SWIFT_VERSION = 6.0;
				TARGETED_DEVICE_FAMILY = 1;
			};
			name = Release;
		};
		F7B2EAFF2FE153A900992A22 /* Debug */ = {
			isa = XCBuildConfiguration;
			buildSettings = {
				BUNDLE_LOADER = "$(TEST_HOST)";
				CODE_SIGN_STYLE = Automatic;
				CURRENT_PROJECT_VERSION = 1;
				DEVELOPMENT_TEAM = BTL28J8CZ3;
				GENERATE_INFOPLIST_FILE = YES;
				IPHONEOS_DEPLOYMENT_TARGET = 26.5;
				MARKETING_VERSION = 1.0;
				PRODUCT_BUNDLE_IDENTIFIER = com.purchasely.spacer.SpacerTests;
				PRODUCT_NAME = "$(TARGET_NAME)";
				STRING_CATALOG_GENERATE_SYMBOLS = NO;
				SWIFT_APPROACHABLE_CONCURRENCY = YES;
				SWIFT_EMIT_LOC_STRINGS = NO;
				SWIFT_UPCOMING_FEATURE_MEMBER_IMPORT_VISIBILITY = YES;
				SWIFT_VERSION = 5.0;
				TARGETED_DEVICE_FAMILY = "1,2";
				TEST_HOST = "$(BUILT_PRODUCTS_DIR)/Spacer.app/$(BUNDLE_EXECUTABLE_FOLDER_PATH)/Spacer";
			};
			name = Debug;
		};
		F7B2EB002FE153A900992A22 /* Release */ = {
			isa = XCBuildConfiguration;
			buildSettings = {
				BUNDLE_LOADER = "$(TEST_HOST)";
				CODE_SIGN_STYLE = Automatic;
				CURRENT_PROJECT_VERSION = 1;
				DEVELOPMENT_TEAM = BTL28J8CZ3;
				GENERATE_INFOPLIST_FILE = YES;
				IPHONEOS_DEPLOYMENT_TARGET = 26.5;
				MARKETING_VERSION = 1.0;
				PRODUCT_BUNDLE_IDENTIFIER = com.purchasely.spacer.SpacerTests;
				PRODUCT_NAME = "$(TARGET_NAME)";
				STRING_CATALOG_GENERATE_SYMBOLS = NO;
				SWIFT_APPROACHABLE_CONCURRENCY = YES;
				SWIFT_EMIT_LOC_STRINGS = NO;
				SWIFT_UPCOMING_FEATURE_MEMBER_IMPORT_VISIBILITY = YES;
				SWIFT_VERSION = 5.0;
				TARGETED_DEVICE_FAMILY = "1,2";
				TEST_HOST = "$(BUILT_PRODUCTS_DIR)/Spacer.app/$(BUNDLE_EXECUTABLE_FOLDER_PATH)/Spacer";
			};
			name = Release;
		};
		F7B2EB022FE153A900992A22 /* Debug */ = {
			isa = XCBuildConfiguration;
			buildSettings = {
				CODE_SIGN_STYLE = Automatic;
				CURRENT_PROJECT_VERSION = 1;
				DEVELOPMENT_TEAM = BTL28J8CZ3;
				GENERATE_INFOPLIST_FILE = YES;
				MARKETING_VERSION = 1.0;
				PRODUCT_BUNDLE_IDENTIFIER = com.purchasely.spacer.SpacerUITests;
				PRODUCT_NAME = "$(TARGET_NAME)";
				STRING_CATALOG_GENERATE_SYMBOLS = NO;
				SWIFT_APPROACHABLE_CONCURRENCY = YES;
				SWIFT_EMIT_LOC_STRINGS = NO;
				SWIFT_UPCOMING_FEATURE_MEMBER_IMPORT_VISIBILITY = YES;
				SWIFT_VERSION = 5.0;
				TARGETED_DEVICE_FAMILY = "1,2";
				TEST_TARGET_NAME = Spacer;
			};
			name = Debug;
		};
		F7B2EB032FE153A900992A22 /* Release */ = {
			isa = XCBuildConfiguration;
			buildSettings = {
				CODE_SIGN_STYLE = Automatic;
				CURRENT_PROJECT_VERSION = 1;
				DEVELOPMENT_TEAM = BTL28J8CZ3;
				GENERATE_INFOPLIST_FILE = YES;
				MARKETING_VERSION = 1.0;
				PRODUCT_BUNDLE_IDENTIFIER = com.purchasely.spacer.SpacerUITests;
				PRODUCT_NAME = "$(TARGET_NAME)";
				STRING_CATALOG_GENERATE_SYMBOLS = NO;
				SWIFT_APPROACHABLE_CONCURRENCY = YES;
				SWIFT_EMIT_LOC_STRINGS = NO;
				SWIFT_UPCOMING_FEATURE_MEMBER_IMPORT_VISIBILITY = YES;
				SWIFT_VERSION = 5.0;
				TARGETED_DEVICE_FAMILY = "1,2";
				TEST_TARGET_NAME = Spacer;
			};
			name = Release;
		};
/* End XCBuildConfiguration section */

/* Begin XCConfigurationList section */
		F7B2EAD32FE153A700992A22 /* Build configuration list for PBXProject "Spacer" */ = {
			isa = XCConfigurationList;
			buildConfigurations = (
				F7B2EAF92FE153A900992A22 /* Debug */,
				F7B2EAFA2FE153A900992A22 /* Release */,
			);
			defaultConfigurationIsVisible = 0;
			defaultConfigurationName = Release;
		};
		F7B2EAFB2FE153A900992A22 /* Build configuration list for PBXNativeTarget "Spacer" */ = {
			isa = XCConfigurationList;
			buildConfigurations = (
				F7B2EAFC2FE153A900992A22 /* Debug */,
				F7B2EAFD2FE153A900992A22 /* Release */,
			);
			defaultConfigurationIsVisible = 0;
			defaultConfigurationName = Release;
		};
		F7B2EAFE2FE153A900992A22 /* Build configuration list for PBXNativeTarget "SpacerTests" */ = {
			isa = XCConfigurationList;
			buildConfigurations = (
				F7B2EAFF2FE153A900992A22 /* Debug */,
				F7B2EB002FE153A900992A22 /* Release */,
			);
			defaultConfigurationIsVisible = 0;
			defaultConfigurationName = Release;
		};
		F7B2EB012FE153A900992A22 /* Build configuration list for PBXNativeTarget "SpacerUITests" */ = {
			isa = XCConfigurationList;
			buildConfigurations = (
				F7B2EB022FE153A900992A22 /* Debug */,
				F7B2EB032FE153A900992A22 /* Release */,
			);
			defaultConfigurationIsVisible = 0;
			defaultConfigurationName = Release;
		};
/* End XCConfigurationList section */

/* Begin XCRemoteSwiftPackageReference section */
		ABCDEF0000000000000000D0 /* XCRemoteSwiftPackageReference "Purchasely-iOS" */ = {
			isa = XCRemoteSwiftPackageReference;
			repositoryURL = "https://github.com/Purchasely/Purchasely-iOS";
			requirement = {
				kind = exactVersion;
				version = "6.0.0-rc.1";
			};
		};
/* End XCRemoteSwiftPackageReference section */

/* Begin XCSwiftPackageProductDependency section */
		ABCDEF0000000000000000D1 /* Purchasely */ = {
			isa = XCSwiftPackageProductDependency;
			package = ABCDEF0000000000000000D0 /* XCRemoteSwiftPackageReference "Purchasely-iOS" */;
			productName = Purchasely;
		};
/* End XCSwiftPackageProductDependency section */
	};
	rootObject = F7B2EAD02FE153A700992A22 /* Project object */;
}
